
Microsoft Visual Studio Solution File, Format Version 12.00
# Visual Studio Version 16
VisualStudioVersion = 16.0.29613.14
MinimumVisualStudioVersion = 10.0.40219.1
Project("{FAE04EC0-301F-11D3-BF4B-00C04F79EFBC}") = "RPDemoApp", "RPDemoApp\RPDemoApp.csproj", "{FB9F51B5-8059-48C3-B9FC-1918116AF108}"
EndProject
Global
	GlobalSection(SolutionConfigurationPlatforms) = preSolution
		Debug|Any CPU = Debug|Any CPU
		Release|Any CPU = Release|Any CPU
	EndGlobalSection
	GlobalSection(ProjectConfigurationPlatforms) = postSolution
		{FB9F51B5-8059-48C3-B9FC-1918116AF108}.Debug|Any CPU.ActiveCfg = Debug|Any CPU
		{FB9F51B5-8059-48C3-B9FC-1918116AF108}.Debug|Any CPU.Build.0 = Debug|Any CPU
		{FB9F51B5-8059-48C3-B9FC-1918116AF108}.Release|Any CPU.ActiveCfg = Release|Any CPU
		{FB9F51B5-8059-48C3-B9FC-1918116AF108}.Release|Any CPU.Build.0 = Release|Any CPU
	EndGlobalSection
	GlobalSection(SolutionProperties) = preSolution
		HideSolutionNode = FALSE
	EndGlobalSection
	GlobalSection(ExtensibilityGlobals) = postSolution
		SolutionGuid = {FCA29E4A-6EE5-4FEA-BF40-633EE6533B52}
	EndGlobalSection
EndGlobal
